// !$*UTF8*$!
{
	archiveVersion = 1;
	classes = {
	};
	objectVersion = 55;
	objects = {

/* Begin PBXBuildFile section */
		86544B1B28AC146F0056ED1E /* AppDelegate.swift in Sources */ = {isa = PBXBuildFile; fileRef = 86544B1A28AC146F0056ED1E /* AppDelegate.swift */; };
		86544B1D28AC146F0056ED1E /* SceneDelegate.swift in Sources */ = {isa = PBXBuildFile; fileRef = 86544B1C28AC146F0056ED1E /* SceneDelegate.swift */; };
		86544B1F28AC146F0056ED1E /* ViewController.swift in Sources */ = {isa = PBXBuildFile; fileRef = 86544B1E28AC146F0056ED1E /* ViewController.swift */; };
		86544B2228AC146F0056ED1E /* Main.storyboard in Resources */ = {isa = PBXBuildFile; fileRef = 86544B2028AC146F0056ED1E /* Main.storyboard */; };
		86544B2428AC14710056ED1E /* Assets.xcassets in Resources */ = {isa = PBXBuildFile; fileRef = 86544B2328AC14710056ED1E /* Assets.xcassets */; };
		86544B2728AC14710056ED1E /* LaunchScreen.storyboard in Resources */ = {isa = PBXBuildFile; fileRef = 86544B2528AC14710056ED1E /* LaunchScreen.storyboard */; };
		86544B3228AC14710056ED1E /* A1C_CalculatorTests.swift in Sources */ = {isa = PBXBuildFile; fileRef = 86544B3128AC14710056ED1E /* A1C_CalculatorTests.swift */; };
		86544B3C28AC14710056ED1E /* A1C_CalculatorUITests.swift in Sources */ = {isa = PBXBuildFile; fileRef = 86544B3B28AC14710056ED1E /* A1C_CalculatorUITests.swift */; };
		86544B3E28AC14710056ED1E /* A1C_CalculatorUITestsLaunchTests.swift in Sources */ = {isa = PBXBuildFile; fileRef = 86544B3D28AC14710056ED1E /* A1C_CalculatorUITestsLaunchTests.swift */; };
/* End PBXBuildFile section */

/* Begin PBXContainerItemProxy section */
		86544B2E28AC14710056ED1E /* PBXContainerItemProxy */ = {
			isa = PBXContainerItemProxy;
			containerPortal = 86544B0F28AC146F0056ED1E /* Project object */;
			proxyType = 1;
			remoteGlobalIDString = 86544B1628AC146F0056ED1E;
			remoteInfo = "A1C Calculator";
		};
		86544B3828AC14710056ED1E /* PBXContainerItemProxy */ = {
			isa = PBXContainerItemProxy;
			containerPortal = 86544B0F28AC146F0056ED1E /* Project object */;
			proxyType = 1;
			remoteGlobalIDString = 86544B1628AC146F0056ED1E;
			remoteInfo = "A1C Calculator";
		};
/* End PBXContainerItemProxy section */

/* Begin PBXFileReference section */
		86544B1728AC146F0056ED1E /* A1C Calculator.app */ = {isa = PBXFileReference; explicitFileType = wrapper.application; includeInIndex = 0; path = "A1C Calculator.app"; sourceTree = BUILT_PRODUCTS_DIR; };
		86544B1A28AC146F0056ED1E /* AppDelegate.swift */ = {isa = PBXFileReference; lastKnownFileType = sourcecode.swift; path = AppDelegate.swift; sourceTree = "<group>"; };
		86544B1C28AC146F0056ED1E /* SceneDelegate.swift */ = {isa = PBXFileReference; lastKnownFileType = sourcecode.swift; path = SceneDelegate.swift; sourceTree = "<group>"; };
		86544B1E28AC146F0056ED1E /* ViewController.swift */ = {isa = PBXFileReference; lastKnownFileType = sourcecode.swift; path = ViewController.swift; sourceTree = "<group>"; };
		86544B2128AC146F0056ED1E /* Base */ = {isa = PBXFileReference; lastKnownFileType = file.storyboard; name = Base; path = Base.lproj/Main.storyboard; sourceTree = "<group>"; };
		86544B2328AC14710056ED1E /* Assets.xcassets */ = {isa = PBXFileReference; lastKnownFileType = folder.assetcatalog; path = Assets.xcassets; sourceTree = "<group>"; };
		86544B2628AC14710056ED1E /* Base */ = {isa = PBXFileReference; lastKnownFileType = file.storyboard; name = Base; path = Base.lproj/LaunchScreen.storyboard; sourceTree = "<group>"; };
		86544B2828AC14710056ED1E /* Info.plist */ = {isa = PBXFileReference; lastKnownFileType = text.plist.xml; path = Info.plist; sourceTree = "<group>"; };
		86544B2D28AC14710056ED1E /* A1C CalculatorTests.xctest */ = {isa = PBXFileReference; explicitFileType = wrapper.cfbundle; includeInIndex = 0; path = "A1C CalculatorTests.xctest"; sourceTree = BUILT_PRODUCTS_DIR; };
		86544B3128AC14710056ED1E /* A1C_CalculatorTests.swift */ = {isa = PBXFileReference; lastKnownFileType = sourcecode.swift; path = A1C_CalculatorTests.swift; sourceTree = "<group>"; };
		86544B3728AC14710056ED1E /* A1C CalculatorUITests.xctest */ = {isa = PBXFileReference; explicitFileType = wrapper.cfbundle; includeInIndex = 0; path = "A1C CalculatorUITests.xctest"; sourceTree = BUILT_PRODUCTS_DIR; };
		86544B3B28AC14710056ED1E /* A1C_CalculatorUITests.swift */ = {isa = PBXFileReference; lastKnownFileType = sourcecode.swift; path = A1C_CalculatorUITests.swift; sourceTree = "<group>"; };
		86544B3D28AC14710056ED1E /* A1C_CalculatorUITestsLaunchTests.swift */ = {isa = PBXFileReference; lastKnownFileType = sourcecode.swift; path = A1C_CalculatorUITestsLaunchTests.swift; sourceTree = "<group>"; };
/* End PBXFileReference section */

/* Begin PBXFrameworksBuildPhase section */
		86544B1428AC146F0056ED1E /* Frameworks */ = {
			isa = PBXFrameworksBuildPhase;
			buildActionMask = 2147483647;
			files = (
			);
			runOnlyForDeploymentPostprocessing = 0;
		};
		86544B2A28AC14710056ED1E /* Frameworks */ = {
			isa = PBXFrameworksBuildPhase;
			buildActionMask = 2147483647;
			files = (
			);
			runOnlyForDeploymentPostprocessing = 0;
		};
		86544B3428AC14710056ED1E /* Frameworks */ = {
			isa = PBXFrameworksBuildPhase;
			buildActionMask = 2147483647;
			files = (
			);
			runOnlyForDeploymentPostprocessing = 0;
		};
/* End PBXFrameworksBuildPhase section */

/* Begin PBXGroup section */
		86544B0E28AC146F0056ED1E = {
			isa = PBXGroup;
			children = (
				86544B1928AC146F0056ED1E /* A1C Calculator */,
				86544B3028AC14710056ED1E /* A1C CalculatorTests */,
				86544B3A28AC14710056ED1E /* A1C CalculatorUITests */,
				86544B1828AC146F0056ED1E /* Products */,
			);
			sourceTree = "<group>";
		};
		86544B1828AC146F0056ED1E /* Products */ = {
			isa = PBXGroup;
			children = (
				86544B1728AC146F0056ED1E /* A1C Calculator.app */,
				86544B2D28AC14710056ED1E /* A1C CalculatorTests.xctest */,
				86544B3728AC14710056ED1E /* A1C CalculatorUITests.xctest */,
			);
			name = Products;
			sourceTree = "<group>";
		};
		86544B1928AC146F0056ED1E /* A1C Calculator */ = {
			isa = PBXGroup;
			children = (
				86544B1A28AC146F0056ED1E /* AppDelegate.swift */,
				86544B1C28AC146F0056ED1E /* SceneDelegate.swift */,
				86544B1E28AC146F0056ED1E /* ViewController.swift */,
				86544B2028AC146F0056ED1E /* Main.storyboard */,
				86544B2328AC14710056ED1E /* Assets.xcassets */,
				86544B2528AC14710056ED1E /* LaunchScreen.storyboard */,
				86544B2828AC14710056ED1E /* Info.plist */,
			);
			path = "A1C Calculator";
			sourceTree = "<group>";
		};
		86544B3028AC14710056ED1E /* A1C CalculatorTests */ = {
			isa = PBXGroup;
			children = (
				86544B3128AC14710056ED1E /* A1C_CalculatorTests.swift */,
			);
			path = "A1C CalculatorTests";
			sourceTree = "<group>";
		};
		86544B3A28AC14710056ED1E /* A1C CalculatorUITests */ = {
			isa = PBXGroup;
			children = (
				86544B3B28AC14710056ED1E /* A1C_CalculatorUITests.swift */,
				86544B3D28AC14710056ED1E /* A1C_CalculatorUITestsLaunchTests.swift */,
			);
			path = "A1C CalculatorUITests";
			sourceTree = "<group>";
		};
/* End PBXGroup section */

/* Begin PBXNativeTarget section */
		86544B1628AC146F0056ED1E /* A1C Calculator */ = {
			isa = PBXNativeTarget;
			buildConfigurationList = 86544B4128AC14710056ED1E /* Build configuration list for PBXNativeTarget "A1C Calculator" */;
			buildPhases = (
				86544B1328AC146F0056ED1E /* Sources */,
				86544B1428AC146F0056ED1E /* Frameworks */,
				86544B1528AC146F0056ED1E /* Resources */,
			);
			buildRules = (
			);
			dependencies = (
			);
			name = "A1C Calculator";
			productName = "A1C Calculator";
			productReference = 86544B1728AC146F0056ED1E /* A1C Calculator.app */;
			productType = "com.apple.product-type.application";
		};
		86544B2C28AC14710056ED1E /* A1C CalculatorTests */ = {
			isa = PBXNativeTarget;
			buildConfigurationList = 86544B4428AC14710056ED1E /* Build configuration list for PBXNativeTarget "A1C CalculatorTests" */;
			buildPhases = (
				86544B2928AC14710056ED1E /* Sources */,
				86544B2A28AC14710056ED1E /* Frameworks */,
				86544B2B28AC14710056ED1E /* Resources */,
			);
			buildRules = (
			);
			dependencies = (
				86544B2F28AC14710056ED1E /* PBXTargetDependency */,
			);
			name = "A1C CalculatorTests";
			productName = "A1C CalculatorTests";
			productReference = 86544B2D28AC14710056ED1E /* A1C CalculatorTests.xctest */;
			productType = "com.apple.product-type.bundle.unit-test";
		};
		86544B3628AC14710056ED1E /* A1C CalculatorUITests */ = {
			isa = PBXNativeTarget;
			buildConfigurationList = 86544B4728AC14710056ED1E /* Build configuration list for PBXNativeTarget "A1C CalculatorUITests" */;
			buildPhases = (
				86544B3328AC14710056ED1E /* Sources */,
				86544B3428AC14710056ED1E /* Frameworks */,
				86544B3528AC14710056ED1E /* Resources */,
			);
			buildRules = (
			);
			dependencies = (
				86544B3928AC14710056ED1E /* PBXTargetDependency */,
			);
			name = "A1C CalculatorUITests";
			productName = "A1C CalculatorUITests";
			productReference = 86544B3728AC14710056ED1E /* A1C CalculatorUITests.xctest */;
			productType = "com.apple.product-type.bundle.ui-testing";
		};
/* End PBXNativeTarget section */

/* Begin PBXProject section */
		86544B0F28AC146F0056ED1E /* Project object */ = {
			isa = PBXProject;
			attributes = {
				BuildIndependentTargetsInParallel = 1;
				LastSwiftUpdateCheck = 1340;
				LastUpgradeCheck = 1340;
				TargetAttributes = {
					86544B1628AC146F0056ED1E = {
						CreatedOnToolsVersion = 13.4.1;
					};
					86544B2C28AC14710056ED1E = {
						CreatedOnToolsVersion = 13.4.1;
						TestTargetID = 86544B1628AC146F0056ED1E;
					};
					86544B3628AC14710056ED1E = {
						CreatedOnToolsVersion = 13.4.1;
						TestTargetID = 86544B1628AC146F0056ED1E;
					};
				};
			};
			buildConfigurationList = 86544B1228AC146F0056ED1E /* Build configuration list for PBXProject "A1C Calculator" */;
			compatibilityVersion = "Xcode 13.0";
			developmentRegion = en;
			hasScannedForEncodings = 0;
			knownRegions = (
				en,
				Base,
			);
			mainGroup = 86544B0E28AC146F0056ED1E;
			productRefGroup = 86544B1828AC146F0056ED1E /* Products */;
			projectDirPath = "";
			projectRoot = "";
			targets = (
				86544B1628AC146F0056ED1E /* A1C Calculator */,
				86544B2C28AC14710056ED1E /* A1C CalculatorTests */,
				86544B3628AC14710056ED1E /* A1C CalculatorUITests */,
			);
		};
/* End PBXProject section */

/* Begin PBXResourcesBuildPhase section */
		86544B1528AC146F0056ED1E /* Resources */ = {
			isa = PBXResourcesBuildPhase;
			buildActionMask = 2147483647;
			files = (
				86544B2728AC14710056ED1E /* LaunchScreen.storyboard in Resources */,
				86544B2428AC14710056ED1E /* Assets.xcassets in Resources */,
				86544B2228AC146F0056ED1E /* Main.storyboard in Resources */,
			);
			runOnlyForDeploymentPostprocessing = 0;
		};
		86544B2B28AC14710056ED1E /* Resources */ = {
			isa = PBXResourcesBuildPhase;
			buildActionMask = 2147483647;
			files = (
			);
			runOnlyForDeploymentPostprocessing = 0;
		};
		86544B3528AC14710056ED1E /* Resources */ = {
			isa = PBXResourcesBuildPhase;
			buildActionMask = 2147483647;
			files = (
			);
			runOnlyForDeploymentPostprocessing = 0;
		};
/* End PBXResourcesBuildPhase section */

/* Begin PBXSourcesBuildPhase section */
		86544B1328AC146F0056ED1E /* Sources */ = {
			isa = PBXSourcesBuildPhase;
			buildActionMask = 2147483647;
			files = (
				86544B1F28AC146F0056ED1E /* ViewController.swift in Sources */,
				86544B1B28AC146F0056ED1E /* AppDelegate.swift in Sources */,
				86544B1D28AC146F0056ED1E /* SceneDelegate.swift in Sources */,
			);
			runOnlyForDeploymentPostprocessing = 0;
		};
		86544B2928AC14710056ED1E /* Sources */ = {
			isa = PBXSourcesBuildPhase;
			buildActionMask = 2147483647;
			files = (
				86544B3228AC14710056ED1E /* A1C_CalculatorTests.swift in Sources */,
			);
			runOnlyForDeploymentPostprocessing = 0;
		};
		86544B3328AC14710056ED1E /* Sources */ = {
			isa = PBXSourcesBuildPhase;
			buildActionMask = 2147483647;
			files = (
				86544B3E28AC14710056ED1E /* A1C_CalculatorUITestsLaunchTests.swift in Sources */,
				86544B3C28AC14710056ED1E /* A1C_CalculatorUITests.swift in Sources */,
			);
			runOnlyForDeploymentPostprocessing = 0;
		};
/* End PBXSourcesBuildPhase section */

/* Begin PBXTargetDependency section */
		86544B2F28AC14710056ED1E /* PBXTargetDependency */ = {
			isa = PBXTargetDependency;
			target = 86544B1628AC146F0056ED1E /* A1C Calculator */;
			targetProxy = 86544B2E28AC14710056ED1E /* PBXContainerItemProxy */;
		};
		86544B3928AC14710056ED1E /* PBXTargetDependency */ = {
			isa = PBXTargetDependency;
			target = 86544B1628AC146F0056ED1E /* A1C Calculator */;
			targetProxy = 86544B3828AC14710056ED1E /* PBXContainerItemProxy */;
		};
/* End PBXTargetDependency section */

/* Begin PBXVariantGroup section */
		86544B2028AC146F0056ED1E /* Main.storyboard */ = {
			isa = PBXVariantGroup;
			children = (
				86544B2128AC146F0056ED1E /* Base */,
			);
			name = Main.storyboard;
			sourceTree = "<group>";
		};
		86544B2528AC14710056ED1E /* LaunchScreen.storyboard */ = {
			isa = PBXVariantGroup;
			children = (
				86544B2628AC14710056ED1E /* Base */,
			);
			name = LaunchScreen.storyboard;
			sourceTree = "<group>";
		};
/* End PBXVariantGroup section */

/* Begin XCBuildConfiguration section */
		86544B3F28AC14710056ED1E /* Debug */ = {
			isa = XCBuildConfiguration;
			buildSettings = {
				ALWAYS_SEARCH_USER_PATHS = NO;
				CLANG_ANALYZER_NONNULL = YES;
				CLANG_ANALYZER_NUMBER_OBJECT_CONVERSION = YES_AGGRESSIVE;
				CLANG_CXX_LANGUAGE_STANDARD = "gnu++17";
				CLANG_ENABLE_MODULES = YES;
				CLANG_ENABLE_OBJC_ARC = YES;
				CLANG_ENABLE_OBJC_WEAK = YES;
				CLANG_WARN_BLOCK_CAPTURE_AUTORELEASING = YES;
				CLANG_WARN_BOOL_CONVERSION = YES;
				CLANG_WARN_COMMA = YES;
				CLANG_WARN_CONSTANT_CONVERSION = YES;
				CLANG_WARN_DEPRECATED_OBJC_IMPLEMENTATIONS = YES;
				CLANG_WARN_DIRECT_OBJC_ISA_USAGE = YES_ERROR;
				CLANG_WARN_DOCUMENTATION_COMMENTS = YES;
				CLANG_WARN_EMPTY_BODY = YES;
				CLANG_WARN_ENUM_CONVERSION = YES;
				CLANG_WARN_INFINITE_RECURSION = YES;
				CLANG_WARN_INT_CONVERSION = YES;
				CLANG_WARN_NON_LITERAL_NULL_CONVERSION = YES;
				CLANG_WARN_OBJC_IMPLICIT_RETAIN_SELF = YES;
				CLANG_WARN_OBJC_LITERAL_CONVERSION = YES;
				CLANG_WARN_OBJC_ROOT_CLASS = YES_ERROR;
				CLANG_WARN_QUOTED_INCLUDE_IN_FRAMEWORK_HEADER = YES;
				CLANG_WARN_RANGE_LOOP_ANALYSIS = YES;
				CLANG_WARN_STRICT_PROTOTYPES = YES;
				CLANG_WARN_SUSPICIOUS_MOVE = YES;
				CLANG_WARN_UNGUARDED_AVAILABILITY = YES_AGGRESSIVE;
				CLANG_WARN_UNREACHABLE_CODE = YES;
				CLANG_WARN__DUPLICATE_METHOD_MATCH = YES;
				COPY_PHASE_STRIP = NO;
				DEBUG_INFORMATION_FORMAT = dwarf;
				ENABLE_STRICT_OBJC_MSGSEND = YES;
				ENABLE_TESTABILITY = YES;
				GCC_C_LANGUAGE_STANDARD = gnu11;
				GCC_DYNAMIC_NO_PIC = NO;
				GCC_NO_COMMON_BLOCKS = YES;
				GCC_OPTIMIZATION_LEVEL = 0;
				GCC_PREPROCESSOR_DEFINITIONS = (
					"DEBUG=1",
					"$(inherited)",
				);
				GCC_WARN_64_TO_32_BIT_CONVERSION = YES;
				GCC_WARN_ABOUT_RETURN_TYPE = YES_ERROR;
				GCC_WARN_UNDECLARED_SELECTOR = YES;
				GCC_WARN_UNINITIALIZED_AUTOS = YES_AGGRESSIVE;
				GCC_WARN_UNUSED_FUNCTION = YES;
				GCC_WARN_UNUSED_VARIABLE = YES;
				IPHONEOS_DEPLOYMENT_TARGET = 15.5;
				MTL_ENABLE_DEBUG_INFO = INCLUDE_SOURCE;
				MTL_FAST_MATH = YES;
				ONLY_ACTIVE_ARCH = YES;
				SDKROOT = iphoneos;
				SWIFT_ACTIVE_COMPILATION_CONDITIONS = DEBUG;
				SWIFT_OPTIMIZATION_LEVEL = "-Onone";
			};
			name = Debug;
		};
		86544B4028AC14710056ED1E /* Release */ = {
			isa = XCBuildConfiguration;
			buildSettings = {
				ALWAYS_SEARCH_USER_PATHS = NO;
				CLANG_ANALYZER_NONNULL = YES;
				CLANG_ANALYZER_NUMBER_OBJECT_CONVERSION = YES_AGGRESSIVE;
				CLANG_CXX_LANGUAGE_STANDARD = "gnu++17";
				CLANG_ENABLE_MODULES = YES;
				CLANG_ENABLE_OBJC_ARC = YES;
				CLANG_ENABLE_OBJC_WEAK = YES;
				CLANG_WARN_BLOCK_CAPTURE_AUTORELEASING = YES;
				CLANG_WARN_BOOL_CONVERSION = YES;
				CLANG_WARN_COMMA = YES;
				CLANG_WARN_CONSTANT_CONVERSION = YES;
				CLANG_WARN_DEPRECATED_OBJC_IMPLEMENTATIONS = YES;
				CLANG_WARN_DIRECT_OBJC_ISA_USAGE = YES_ERROR;
				CLANG_WARN_DOCUMENTATION_COMMENTS = YES;
				CLANG_WARN_EMPTY_BODY = YES;
				CLANG_WARN_ENUM_CONVERSION = YES;
				CLANG_WARN_INFINITE_RECURSION = YES;
				CLANG_WARN_INT_CONVERSION = YES;
				CLANG_WARN_NON_LITERAL_NULL_CONVERSION = YES;
				CLANG_WARN_OBJC_IMPLICIT_RETAIN_SELF = YES;
				CLANG_WARN_OBJC_LITERAL_CONVERSION = YES;
				CLANG_WARN_OBJC_ROOT_CLASS = YES_ERROR;
				CLANG_WARN_QUOTED_INCLUDE_IN_FRAMEWORK_HEADER = YES;
				CLANG_WARN_RANGE_LOOP_ANALYSIS = YES;
				CLANG_WARN_STRICT_PROTOTYPES = YES;
				CLANG_WARN_SUSPICIOUS_MOVE = YES;
				CLANG_WARN_UNGUARDED_AVAILABILITY = YES_AGGRESSIVE;
				CLANG_WARN_UNREACHABLE_CODE = YES;
				CLANG_WARN__DUPLICATE_METHOD_MATCH = YES;
				COPY_PHASE_STRIP = NO;
				DEBUG_INFORMATION_FORMAT = "dwarf-with-dsym";
				ENABLE_NS_ASSERTIONS = NO;
				ENABLE_STRICT_OBJC_MSGSEND = YES;
				GCC_C_LANGUAGE_STANDARD = gnu11;
				GCC_NO_COMMON_BLOCKS = YES;
				GCC_WARN_64_TO_32_BIT_CONVERSION = YES;
				GCC_WARN_ABOUT_RETURN_TYPE = YES_ERROR;
				GCC_WARN_UNDECLARED_SELECTOR = YES;
				GCC_WARN_UNINITIALIZED_AUTOS = YES_AGGRESSIVE;
				GCC_WARN_UNUSED_FUNCTION = YES;
				GCC_WARN_UNUSED_VARIABLE = YES;
				IPHONEOS_DEPLOYMENT_TARGET = 15.5;
				MTL_ENABLE_DEBUG_INFO = NO;
				MTL_FAST_MATH = YES;
				SDKROOT = iphoneos;
				SWIFT_COMPILATION_MODE = wholemodule;
				SWIFT_OPTIMIZATION_LEVEL = "-O";
				VALIDATE_PRODUCT = YES;
			};
			name = Release;
		};
		86544B4228AC14710056ED1E /* Debug */ = {
			isa = XCBuildConfiguration;
			buildSettings = {
				ASSETCATALOG_COMPILER_APPICON_NAME = AppIcon;
				ASSETCATALOG_COMPILER_GLOBAL_ACCENT_COLOR_NAME = AccentColor;
				CODE_SIGN_STYLE = Automatic;
				CURRENT_PROJECT_VERSION = 1;
				DEVELOPMENT_TEAM = 347J2N78RN;
				GENERATE_INFOPLIST_FILE = YES;
				INFOPLIST_FILE = "A1C Calculator/Info.plist";
				INFOPLIST_KEY_UIApplicationSupportsIndirectInputEvents = YES;
				INFOPLIST_KEY_UILaunchStoryboardName = LaunchScreen;
				INFOPLIST_KEY_UIMainStoryboardFile = Main;
				INFOPLIST_KEY_UISupportedInterfaceOrientations_iPad = "UIInterfaceOrientationPortrait UIInterfaceOrientationPortraitUpsideDown UIInterfaceOrientationLandscapeLeft UIInterfaceOrientationLandscapeRight";
				INFOPLIST_KEY_UISupportedInterfaceOrientations_iPhone = "UIInterfaceOrientationPortrait UIInterfaceOrientationLandscapeLeft UIInterfaceOrientationLandscapeRight";
				LD_RUNPATH_SEARCH_PATHS = (
					"$(inherited)",
					"@executable_path/Frameworks",
				);
				MARKETING_VERSION = 1.0;
				PRODUCT_BUNDLE_IDENTIFIER = "MC.A1C-Calculator";
				PRODUCT_NAME = "$(TARGET_NAME)";
				SWIFT_EMIT_LOC_STRINGS = YES;
				SWIFT_VERSION = 5.0;
				TARGETED_DEVICE_FAMILY = "1,2";
			};
			name = Debug;
		};
		86544B4328AC14710056ED1E /* Release */ = {
			isa = XCBuildConfiguration;
			buildSettings = {
				ASSETCATALOG_COMPILER_APPICON_NAME = AppIcon;
				ASSETCATALOG_COMPILER_GLOBAL_ACCENT_COLOR_NAME = AccentColor;
				CODE_SIGN_STYLE = Automatic;
				CURRENT_PROJECT_VERSION = 1;
				DEVELOPMENT_TEAM = 347J2N78RN;
				GENERATE_INFOPLIST_FILE = YES;
				INFOPLIST_FILE = "A1C Calculator/Info.plist";
				INFOPLIST_KEY_UIApplicationSupportsIndirectInputEvents = YES;
				INFOPLIST_KEY_UILaunchStoryboardName = LaunchScreen;
				INFOPLIST_KEY_UIMainStoryboardFile = Main;
				INFOPLIST_KEY_UISupportedInterfaceOrientations_iPad = "UIInterfaceOrientationPortrait UIInterfaceOrientationPortraitUpsideDown UIInterfaceOrientationLandscapeLeft UIInterfaceOrientationLandscapeRight";
				INFOPLIST_KEY_UISupportedInterfaceOrientations_iPhone = "UIInterfaceOrientationPortrait UIInterfaceOrientationLandscapeLeft UIInterfaceOrientationLandscapeRight";
				LD_RUNPATH_SEARCH_PATHS = (
					"$(inherited)",
					"@executable_path/Frameworks",
				);
				MARKETING_VERSION = 1.0;
				PRODUCT_BUNDLE_IDENTIFIER = "MC.A1C-Calculator";
				PRODUCT_NAME = "$(TARGET_NAME)";
				SWIFT_EMIT_LOC_STRINGS = YES;
				SWIFT_VERSION = 5.0;
				TARGETED_DEVICE_FAMILY = "1,2";
			};
			name = Release;
		};
		86544B4528AC14710056ED1E /* Debug */ = {
			isa = XCBuildConfiguration;
			buildSettings = {
				ALWAYS_EMBED_SWIFT_STANDARD_LIBRARIES = YES;
				BUNDLE_LOADER = "$(TEST_HOST)";
				CODE_SIGN_STYLE = Automatic;
				CURRENT_PROJECT_VERSION = 1;
				DEVELOPMENT_TEAM = 347J2N78RN;
				GENERATE_INFOPLIST_FILE = YES;
				IPHONEOS_DEPLOYMENT_TARGET = 15.5;
				MARKETING_VERSION = 1.0;
				PRODUCT_BUNDLE_IDENTIFIER = "MC.A1C-CalculatorTests";
				PRODUCT_NAME = "$(TARGET_NAME)";
				SWIFT_EMIT_LOC_STRINGS = NO;
				SWIFT_VERSION = 5.0;
				TARGETED_DEVICE_FAMILY = "1,2";
				TEST_HOST = "$(BUILT_PRODUCTS_DIR)/A1C Calculator.app/A1C Calculator";
			};
			name = Debug;
		};
		86544B4628AC14710056ED1E /* Release */ = {
			isa = XCBuildConfiguration;
			buildSettings = {
				ALWAYS_EMBED_SWIFT_STANDARD_LIBRARIES = YES;
				BUNDLE_LOADER = "$(TEST_HOST)";
				CODE_SIGN_STYLE = Automatic;
				CURRENT_PROJECT_VERSION = 1;
				DEVELOPMENT_TEAM = 347J2N78RN;
				GENERATE_INFOPLIST_FILE = YES;
				IPHONEOS_DEPLOYMENT_TARGET = 15.5;
				MARKETING_VERSION = 1.0;
				PRODUCT_BUNDLE_IDENTIFIER = "MC.A1C-CalculatorTests";
				PRODUCT_NAME = "$(TARGET_NAME)";
				SWIFT_EMIT_LOC_STRINGS = NO;
				SWIFT_VERSION = 5.0;
				TARGETED_DEVICE_FAMILY = "1,2";
				TEST_HOST = "$(BUILT_PRODUCTS_DIR)/A1C Calculator.app/A1C Calculator";
			};
			name = Release;
		};
		86544B4828AC14710056ED1E /* Debug */ = {
			isa = XCBuildConfiguration;
			buildSettings = {
				ALWAYS_EMBED_SWIFT_STANDARD_LIBRARIES = YES;
				CODE_SIGN_STYLE = Automatic;
				CURRENT_PROJECT_VERSION = 1;
				DEVELOPMENT_TEAM = 347J2N78RN;
				GENERATE_INFOPLIST_FILE = YES;
				MARKETING_VERSION = 1.0;
				PRODUCT_BUNDLE_IDENTIFIER = "MC.A1C-CalculatorUITests";
				PRODUCT_NAME = "$(TARGET_NAME)";
				SWIFT_EMIT_LOC_STRINGS = NO;
				SWIFT_VERSION = 5.0;
				TARGETED_DEVICE_FAMILY = "1,2";
				TEST_TARGET_NAME = "A1C Calculator";
			};
			name = Debug;
		};
		86544B4928AC14710056ED1E /* Release */ = {
			isa = XCBuildConfiguration;
			buildSettings = {
				ALWAYS_EMBED_SWIFT_STANDARD_LIBRARIES = YES;
				CODE_SIGN_STYLE = Automatic;
				CURRENT_PROJECT_VERSION = 1;
				DEVELOPMENT_TEAM = 347J2N78RN;
				GENERATE_INFOPLIST_FILE = YES;
				MARKETING_VERSION = 1.0;
				PRODUCT_BUNDLE_IDENTIFIER = "MC.A1C-CalculatorUITests";
				PRODUCT_NAME = "$(TARGET_NAME)";
				SWIFT_EMIT_LOC_STRINGS = NO;
				SWIFT_VERSION = 5.0;
				TARGETED_DEVICE_FAMILY = "1,2";
				TEST_TARGET_NAME = "A1C Calculator";
			};
			name = Release;
		};
/* End XCBuildConfiguration section */

/* Begin XCConfigurationList section */
		86544B1228AC146F0056ED1E /* Build configuration list for PBXProject "A1C Calculator" */ = {
			isa = XCConfigurationList;
			buildConfigurations = (
				86544B3F28AC14710056ED1E /* Debug */,
				86544B4028AC14710056ED1E /* Release */,
			);
			defaultConfigurationIsVisible = 0;
			defaultConfigurationName = Release;
		};
		86544B4128AC14710056ED1E /* Build configuration list for PBXNativeTarget "A1C Calculator" */ = {
			isa = XCConfigurationList;
			buildConfigurations = (
				86544B4228AC14710056ED1E /* Debug */,
				86544B4328AC14710056ED1E /* Release */,
			);
			defaultConfigurationIsVisible = 0;
			defaultConfigurationName = Release;
		};
		86544B4428AC14710056ED1E /* Build configuration list for PBXNativeTarget "A1C CalculatorTests" */ = {
			isa = XCConfigurationList;
			buildConfigurations = (
				86544B4528AC14710056ED1E /* Debug */,
				86544B4628AC14710056ED1E /* Release */,
			);
			defaultConfigurationIsVisible = 0;
			defaultConfigurationName = Release;
		};
		86544B4728AC14710056ED1E /* Build configuration list for PBXNativeTarget "A1C CalculatorUITests" */ = {
			isa = XCConfigurationList;
			buildConfigurations = (
				86544B4828AC14710056ED1E /* Debug */,
				86544B4928AC14710056ED1E /* Release */,
			);
			defaultConfigurationIsVisible = 0;
			defaultConfigurationName = Release;
		};
/* End XCConfigurationList section */
	};
	rootObject = 86544B0F28AC146F0056ED1E /* Project object */;
}
